
Microsoft Visual Studio Solution File, Format Version 12.00
# Visual Studio Version 17
VisualStudioVersion = 17.1.32414.318
MinimumVisualStudioVersion = 10.0.40219.1
Project("{FAE04EC0-301F-11D3-BF4B-00C04F79EFBC}") = "BaiTapCoBan2(Bai21-30)", "BaiTapCoBan2(Bai21-30)\BaiTapCoBan2(Bai21-30).csproj", "{629EAC1F-AE94-4EC2-80F1-3ABBB9162C7D}"
EndProject
Global
	GlobalSection(SolutionConfigurationPlatforms) = preSolution
		Debug|Any CPU = Debug|Any CPU
		Release|Any CPU = Release|Any CPU
	EndGlobalSection
	GlobalSection(ProjectConfigurationPlatforms) = postSolution
		{629EAC1F-AE94-4EC2-80F1-3ABBB9162C7D}.Debug|Any CPU.ActiveCfg = Debug|Any CPU
		{629EAC1F-AE94-4EC2-80F1-3ABBB9162C7D}.Debug|Any CPU.Build.0 = Debug|Any CPU
		{629EAC1F-AE94-4EC2-80F1-3ABBB9162C7D}.Release|Any CPU.ActiveCfg = Release|Any CPU
		{629EAC1F-AE94-4EC2-80F1-3ABBB9162C7D}.Release|Any CPU.Build.0 = Release|Any CPU
	EndGlobalSection
	GlobalSection(SolutionProperties) = preSolution
		HideSolutionNode = FALSE
	EndGlobalSection
	GlobalSection(ExtensibilityGlobals) = postSolution
		SolutionGuid = {D093B397-3340-407A-B8F8-671A299066C7}
	EndGlobalSection
EndGlobal
